
Microsoft Visual Studio Solution File, Format Version 12.00
# Visual Studio Version 16
VisualStudioVersion = 16.0.29009.5
MinimumVisualStudioVersion = 10.0.40219.1
Project("{9A19103F-16F7-4668-BE54-9A1E7A4F7556}") = "testEpiCore", "testEpiCore\testEpiCore.csproj", "{1E5CD755-6306-43E3-9702-7B1703ED0C21}"
EndProject
Project("{FAE04EC0-301F-11D3-BF4B-00C04F79EFBC}") = "EpiserverSiteAlloy", "EpiserverSiteAlloy\EpiserverSiteAlloy.csproj", "{839FE855-FD75-4024-B520-87A277C3DE91}"
EndProject
Global
	GlobalSection(SolutionConfigurationPlatforms) = preSolution
		Debug|Any CPU = Debug|Any CPU
		Release|Any CPU = Release|Any CPU
	EndGlobalSection
	GlobalSection(ProjectConfigurationPlatforms) = postSolution
		{1E5CD755-6306-43E3-9702-7B1703ED0C21}.Debug|Any CPU.ActiveCfg = Debug|Any CPU
		{1E5CD755-6306-43E3-9702-7B1703ED0C21}.Debug|Any CPU.Build.0 = Debug|Any CPU
		{1E5CD755-6306-43E3-9702-7B1703ED0C21}.Release|Any CPU.ActiveCfg = Release|Any CPU
		{1E5CD755-6306-43E3-9702-7B1703ED0C21}.Release|Any CPU.Build.0 = Release|Any CPU
		{839FE855-FD75-4024-B520-87A277C3DE91}.Debug|Any CPU.ActiveCfg = Debug|Any CPU
		{839FE855-FD75-4024-B520-87A277C3DE91}.Debug|Any CPU.Build.0 = Debug|Any CPU
		{839FE855-FD75-4024-B520-87A277C3DE91}.Release|Any CPU.ActiveCfg = Release|Any CPU
		{839FE855-FD75-4024-B520-87A277C3DE91}.Release|Any CPU.Build.0 = Release|Any CPU
	EndGlobalSection
	GlobalSection(SolutionProperties) = preSolution
		HideSolutionNode = FALSE
	EndGlobalSection
	GlobalSection(ExtensibilityGlobals) = postSolution
		SolutionGuid = {B5D3EEDC-9C66-4181-A10B-6B6C6785C73C}
	EndGlobalSection
EndGlobal
